
Microsoft Visual Studio Solution File, Format Version 12.00
# Visual Studio 15
VisualStudioVersion = 15.0.26020.0
MinimumVisualStudioVersion = 10.0.40219.1
Project("{2150E333-8FDC-42A3-9474-1A3956D46DE8}") = "APIs", "APIs", "{1E80D3F7-876F-4444-8C41-156FB13F77B2}"
EndProject
Project("{2150E333-8FDC-42A3-9474-1A3956D46DE8}") = "Agents", "Agents", "{BB49D87C-D0A6-43E5-BAAC-437F19BC02F0}"
EndProject
Project("{FAE04EC0-301F-11D3-BF4B-00C04F79EFBC}") = "mszcoolPoDMachineInventory", "mszcoolPoDMachineInventory\mszcoolPoDMachineInventory.csproj", "{FBA5FDC2-5EBD-4F2C-BD00-5E69DF9494E6}"
EndProject
Project("{9A19103F-16F7-4668-BE54-9A1E7A4F7556}") = "mszcoolPoDMachineTasks", "mszcoolPoDMachineTasks\mszcoolPoDMachineTasks.csproj", "{B9E3F59E-0375-4E98-9040-C9BE894FB667}"
EndProject
Project("{2150E333-8FDC-42A3-9474-1A3956D46DE8}") = "Execution", "Execution", "{68C15223-0A17-4FB6-A984-783F121D0669}"
EndProject
Project("{FAE04EC0-301F-11D3-BF4B-00C04F79EFBC}") = "mszcoolPoDCloudScheduler", "mszcoolPoDCloudScheduler\mszcoolPoDCloudScheduler.csproj", "{C1F2D9D7-BD0D-4B53-BDCA-D47629F14A88}"
EndProject
Project("{FAE04EC0-301F-11D3-BF4B-00C04F79EFBC}") = "mszcoolPoDAzureAgent", "mszcoolPoDAzureAgent\mszcoolPoDAzureAgent.csproj", "{1F6392BF-04F2-485A-9038-9F3DB4FB03F7}"
EndProject
Project("{FAE04EC0-301F-11D3-BF4B-00C04F79EFBC}") = "mszcoolPoDWindowsAgent", "mszcoolPoDWindowsAgent\mszcoolPoDWindowsAgent.csproj", "{D208927C-AA34-4352-8A0A-79A2A272EE38}"
EndProject
Project("{FAE04EC0-301F-11D3-BF4B-00C04F79EFBC}") = "mszcoolPoDLinuxAgent", "mszcoolPoDLinuxAgent\mszcoolPoDLinuxAgent.csproj", "{CC90CC1F-12A4-4164-AAFB-61312C8B18CE}"
EndProject
Global
	GlobalSection(SolutionConfigurationPlatforms) = preSolution
		Debug|Any CPU = Debug|Any CPU
		Debug|x64 = Debug|x64
		Debug|x86 = Debug|x86
		Release|Any CPU = Release|Any CPU
		Release|x64 = Release|x64
		Release|x86 = Release|x86
	EndGlobalSection
	GlobalSection(ProjectConfigurationPlatforms) = postSolution
		{FBA5FDC2-5EBD-4F2C-BD00-5E69DF9494E6}.Debug|Any CPU.ActiveCfg = Debug|Any CPU
		{FBA5FDC2-5EBD-4F2C-BD00-5E69DF9494E6}.Debug|Any CPU.Build.0 = Debug|Any CPU
		{FBA5FDC2-5EBD-4F2C-BD00-5E69DF9494E6}.Debug|x64.ActiveCfg = Debug|x64
		{FBA5FDC2-5EBD-4F2C-BD00-5E69DF9494E6}.Debug|x64.Build.0 = Debug|x64
		{FBA5FDC2-5EBD-4F2C-BD00-5E69DF9494E6}.Debug|x86.ActiveCfg = Debug|x86
		{FBA5FDC2-5EBD-4F2C-BD00-5E69DF9494E6}.Debug|x86.Build.0 = Debug|x86
		{FBA5FDC2-5EBD-4F2C-BD00-5E69DF9494E6}.Release|Any CPU.ActiveCfg = Release|Any CPU
		{FBA5FDC2-5EBD-4F2C-BD00-5E69DF9494E6}.Release|Any CPU.Build.0 = Release|Any CPU
		{FBA5FDC2-5EBD-4F2C-BD00-5E69DF9494E6}.Release|x64.ActiveCfg = Release|x64
		{FBA5FDC2-5EBD-4F2C-BD00-5E69DF9494E6}.Release|x64.Build.0 = Release|x64
		{FBA5FDC2-5EBD-4F2C-BD00-5E69DF9494E6}.Release|x86.ActiveCfg = Release|x86
		{FBA5FDC2-5EBD-4F2C-BD00-5E69DF9494E6}.Release|x86.Build.0 = Release|x86
		{B9E3F59E-0375-4E98-9040-C9BE894FB667}.Debug|Any CPU.ActiveCfg = Debug|Any CPU
		{B9E3F59E-0375-4E98-9040-C9BE894FB667}.Debug|Any CPU.Build.0 = Debug|Any CPU
		{B9E3F59E-0375-4E98-9040-C9BE894FB667}.Debug|x64.ActiveCfg = Debug|x64
		{B9E3F59E-0375-4E98-9040-C9BE894FB667}.Debug|x64.Build.0 = Debug|x64
		{B9E3F59E-0375-4E98-9040-C9BE894FB667}.Debug|x86.ActiveCfg = Debug|x86
		{B9E3F59E-0375-4E98-9040-C9BE894FB667}.Debug|x86.Build.0 = Debug|x86
		{B9E3F59E-0375-4E98-9040-C9BE894FB667}.Release|Any CPU.ActiveCfg = Release|Any CPU
		{B9E3F59E-0375-4E98-9040-C9BE894FB667}.Release|Any CPU.Build.0 = Release|Any CPU
		{B9E3F59E-0375-4E98-9040-C9BE894FB667}.Release|x64.ActiveCfg = Release|x64
		{B9E3F59E-0375-4E98-9040-C9BE894FB667}.Release|x64.Build.0 = Release|x64
		{B9E3F59E-0375-4E98-9040-C9BE894FB667}.Release|x86.ActiveCfg = Release|x86
		{B9E3F59E-0375-4E98-9040-C9BE894FB667}.Release|x86.Build.0 = Release|x86
		{C1F2D9D7-BD0D-4B53-BDCA-D47629F14A88}.Debug|Any CPU.ActiveCfg = Debug|Any CPU
		{C1F2D9D7-BD0D-4B53-BDCA-D47629F14A88}.Debug|Any CPU.Build.0 = Debug|Any CPU
		{C1F2D9D7-BD0D-4B53-BDCA-D47629F14A88}.Debug|x64.ActiveCfg = Debug|x64
		{C1F2D9D7-BD0D-4B53-BDCA-D47629F14A88}.Debug|x64.Build.0 = Debug|x64
		{C1F2D9D7-BD0D-4B53-BDCA-D47629F14A88}.Debug|x86.ActiveCfg = Debug|x86
		{C1F2D9D7-BD0D-4B53-BDCA-D47629F14A88}.Debug|x86.Build.0 = Debug|x86
		{C1F2D9D7-BD0D-4B53-BDCA-D47629F14A88}.Release|Any CPU.ActiveCfg = Release|Any CPU
		{C1F2D9D7-BD0D-4B53-BDCA-D47629F14A88}.Release|Any CPU.Build.0 = Release|Any CPU
		{C1F2D9D7-BD0D-4B53-BDCA-D47629F14A88}.Release|x64.ActiveCfg = Release|x64
		{C1F2D9D7-BD0D-4B53-BDCA-D47629F14A88}.Release|x64.Build.0 = Release|x64
		{C1F2D9D7-BD0D-4B53-BDCA-D47629F14A88}.Release|x86.ActiveCfg = Release|x86
		{C1F2D9D7-BD0D-4B53-BDCA-D47629F14A88}.Release|x86.Build.0 = Release|x86
		{1F6392BF-04F2-485A-9038-9F3DB4FB03F7}.Debug|Any CPU.ActiveCfg = Debug|Any CPU
		{1F6392BF-04F2-485A-9038-9F3DB4FB03F7}.Debug|Any CPU.Build.0 = Debug|Any CPU
		{1F6392BF-04F2-485A-9038-9F3DB4FB03F7}.Debug|x64.ActiveCfg = Debug|x64
		{1F6392BF-04F2-485A-9038-9F3DB4FB03F7}.Debug|x64.Build.0 = Debug|x64
		{1F6392BF-04F2-485A-9038-9F3DB4FB03F7}.Debug|x86.ActiveCfg = Debug|x86
		{1F6392BF-04F2-485A-9038-9F3DB4FB03F7}.Debug|x86.Build.0 = Debug|x86
		{1F6392BF-04F2-485A-9038-9F3DB4FB03F7}.Release|Any CPU.ActiveCfg = Release|Any CPU
		{1F6392BF-04F2-485A-9038-9F3DB4FB03F7}.Release|Any CPU.Build.0 = Release|Any CPU
		{1F6392BF-04F2-485A-9038-9F3DB4FB03F7}.Release|x64.ActiveCfg = Release|x64
		{1F6392BF-04F2-485A-9038-9F3DB4FB03F7}.Release|x64.Build.0 = Release|x64
		{1F6392BF-04F2-485A-9038-9F3DB4FB03F7}.Release|x86.ActiveCfg = Release|x86
		{1F6392BF-04F2-485A-9038-9F3DB4FB03F7}.Release|x86.Build.0 = Release|x86
		{D208927C-AA34-4352-8A0A-79A2A272EE38}.Debug|Any CPU.ActiveCfg = Debug|Any CPU
		{D208927C-AA34-4352-8A0A-79A2A272EE38}.Debug|Any CPU.Build.0 = Debug|Any CPU
		{D208927C-AA34-4352-8A0A-79A2A272EE38}.Debug|x64.ActiveCfg = Debug|x64
		{D208927C-AA34-4352-8A0A-79A2A272EE38}.Debug|x64.Build.0 = Debug|x64
		{D208927C-AA34-4352-8A0A-79A2A272EE38}.Debug|x86.ActiveCfg = Debug|x86
		{D208927C-AA34-4352-8A0A-79A2A272EE38}.Debug|x86.Build.0 = Debug|x86
		{D208927C-AA34-4352-8A0A-79A2A272EE38}.Release|Any CPU.ActiveCfg = Release|Any CPU
		{D208927C-AA34-4352-8A0A-79A2A272EE38}.Release|Any CPU.Build.0 = Release|Any CPU
		{D208927C-AA34-4352-8A0A-79A2A272EE38}.Release|x64.ActiveCfg = Release|x64
		{D208927C-AA34-4352-8A0A-79A2A272EE38}.Release|x64.Build.0 = Release|x64
		{D208927C-AA34-4352-8A0A-79A2A272EE38}.Release|x86.ActiveCfg = Release|x86
		{D208927C-AA34-4352-8A0A-79A2A272EE38}.Release|x86.Build.0 = Release|x86
		{CC90CC1F-12A4-4164-AAFB-61312C8B18CE}.Debug|Any CPU.ActiveCfg = Debug|Any CPU
		{CC90CC1F-12A4-4164-AAFB-61312C8B18CE}.Debug|Any CPU.Build.0 = Debug|Any CPU
		{CC90CC1F-12A4-4164-AAFB-61312C8B18CE}.Debug|x64.ActiveCfg = Debug|x64
		{CC90CC1F-12A4-4164-AAFB-61312C8B18CE}.Debug|x64.Build.0 = Debug|x64
		{CC90CC1F-12A4-4164-AAFB-61312C8B18CE}.Debug|x86.ActiveCfg = Debug|x86
		{CC90CC1F-12A4-4164-AAFB-61312C8B18CE}.Debug|x86.Build.0 = Debug|x86
		{CC90CC1F-12A4-4164-AAFB-61312C8B18CE}.Release|Any CPU.ActiveCfg = Release|Any CPU
		{CC90CC1F-12A4-4164-AAFB-61312C8B18CE}.Release|Any CPU.Build.0 = Release|Any CPU
		{CC90CC1F-12A4-4164-AAFB-61312C8B18CE}.Release|x64.ActiveCfg = Release|x64
		{CC90CC1F-12A4-4164-AAFB-61312C8B18CE}.Release|x64.Build.0 = Release|x64
		{CC90CC1F-12A4-4164-AAFB-61312C8B18CE}.Release|x86.ActiveCfg = Release|x86
		{CC90CC1F-12A4-4164-AAFB-61312C8B18CE}.Release|x86.Build.0 = Release|x86
	EndGlobalSection
	GlobalSection(SolutionProperties) = preSolution
		HideSolutionNode = FALSE
	EndGlobalSection
	GlobalSection(NestedProjects) = preSolution
		{FBA5FDC2-5EBD-4F2C-BD00-5E69DF9494E6} = {1E80D3F7-876F-4444-8C41-156FB13F77B2}
		{B9E3F59E-0375-4E98-9040-C9BE894FB667} = {1E80D3F7-876F-4444-8C41-156FB13F77B2}
		{C1F2D9D7-BD0D-4B53-BDCA-D47629F14A88} = {68C15223-0A17-4FB6-A984-783F121D0669}
		{1F6392BF-04F2-485A-9038-9F3DB4FB03F7} = {BB49D87C-D0A6-43E5-BAAC-437F19BC02F0}
		{D208927C-AA34-4352-8A0A-79A2A272EE38} = {BB49D87C-D0A6-43E5-BAAC-437F19BC02F0}
		{CC90CC1F-12A4-4164-AAFB-61312C8B18CE} = {BB49D87C-D0A6-43E5-BAAC-437F19BC02F0}
	EndGlobalSection
EndGlobal
